
Microsoft Visual Studio Solution File, Format Version 12.00
# Visual Studio 2012
Project("{E24C65DC-7377-472B-9ABA-BC803B73C61A}") = "travel_web-master", ".", "{D886A4AC-D4F6-4581-98CF-B5F3750A3117}"
	ProjectSection(WebsiteProperties) = preProject
		TargetFrameworkMoniker = ".NETFramework,Version%3Dv4.0"
		Debug.AspNetCompiler.VirtualPath = "/travel_web-master"
		Debug.AspNetCompiler.PhysicalPath = "..\travel_web-master\"
		Debug.AspNetCompiler.TargetPath = "PrecompiledWeb\travel_web-master\"
		Debug.AspNetCompiler.Updateable = "true"
		Debug.AspNetCompiler.ForceOverwrite = "true"
		Debug.AspNetCompiler.FixedNames = "false"
		Debug.AspNetCompiler.Debug = "True"
		Release.AspNetCompiler.VirtualPath = "/travel_web-master"
		Release.AspNetCompiler.PhysicalPath = "..\travel_web-master\"
		Release.AspNetCompiler.TargetPath = "PrecompiledWeb\travel_web-master\"
		Release.AspNetCompiler.Updateable = "true"
		Release.AspNetCompiler.ForceOverwrite = "true"
		Release.AspNetCompiler.FixedNames = "false"
		Release.AspNetCompiler.Debug = "False"
		VWDPort = "44327"
	EndProjectSection
EndProject
Global
	GlobalSection(SolutionConfigurationPlatforms) = preSolution
		Debug|Any CPU = Debug|Any CPU
	EndGlobalSection
	GlobalSection(ProjectConfigurationPlatforms) = postSolution
		{D886A4AC-D4F6-4581-98CF-B5F3750A3117}.Debug|Any CPU.ActiveCfg = Debug|Any CPU
		{D886A4AC-D4F6-4581-98CF-B5F3750A3117}.Debug|Any CPU.Build.0 = Debug|Any CPU
	EndGlobalSection
	GlobalSection(SolutionProperties) = preSolution
		HideSolutionNode = FALSE
	EndGlobalSection
EndGlobal
